
Microsoft Visual Studio Solution File, Format Version 12.00
# Visual Studio Version 17
VisualStudioVersion = 17.9.34728.123
MinimumVisualStudioVersion = 10.0.40219.1
Project("{FAE04EC0-301F-11D3-BF4B-00C04F79EFBC}") = "AzureBlobServiceClient", "AzureBlobServiceClient.csproj", "{E2D0EEBC-7F10-446A-9774-16BEFD5FA843}"
EndProject
Global
	GlobalSection(SolutionConfigurationPlatforms) = preSolution
		Debug|Any CPU = Debug|Any CPU
		Release|Any CPU = Release|Any CPU
	EndGlobalSection
	GlobalSection(ProjectConfigurationPlatforms) = postSolution
		{E2D0EEBC-7F10-446A-9774-16BEFD5FA843}.Debug|Any CPU.ActiveCfg = Debug|Any CPU
		{E2D0EEBC-7F10-446A-9774-16BEFD5FA843}.Debug|Any CPU.Build.0 = Debug|Any CPU
		{E2D0EEBC-7F10-446A-9774-16BEFD5FA843}.Release|Any CPU.ActiveCfg = Release|Any CPU
		{E2D0EEBC-7F10-446A-9774-16BEFD5FA843}.Release|Any CPU.Build.0 = Release|Any CPU
	EndGlobalSection
	GlobalSection(SolutionProperties) = preSolution
		HideSolutionNode = FALSE
	EndGlobalSection
	GlobalSection(ExtensibilityGlobals) = postSolution
		SolutionGuid = {B05648A0-5179-426D-A308-9478AB1D7EED}
	EndGlobalSection
EndGlobal
